
Microsoft Visual Studio Solution File, Format Version 12.00
# Visual Studio Version 17
VisualStudioVersion = 17.11.35327.3
MinimumVisualStudioVersion = 10.0.40219.1
Project("{FAE04EC0-301F-11D3-BF4B-00C04F79EFBC}") = "SimpleLibrary.Api", "SimpleLibrary.Api\SimpleLibrary.Api.csproj", "{3AC0D04B-B263-4399-B202-AE22A990218A}"
EndProject
Project("{FAE04EC0-301F-11D3-BF4B-00C04F79EFBC}") = "SimpleLibrary.Api.Tests.Unit", "SimpleLibrary.Api.Tests.Unit\SimpleLibrary.Api.Tests.Unit.csproj", "{B8E072C5-8A82-4345-8E03-5613E7ABCF92}"
EndProject
Project("{FAE04EC0-301F-11D3-BF4B-00C04F79EFBC}") = "SimpleLibrary.Api.Infrastracture.Build", "SimpleLibrary.Api.Infrastracture.Build\SimpleLibrary.Api.Infrastracture.Build.csproj", "{9E284F36-E0E4-45D6-B9A2-3623112DB066}"
EndProject
Global
	GlobalSection(SolutionConfigurationPlatforms) = preSolution
		Debug|Any CPU = Debug|Any CPU
		Release|Any CPU = Release|Any CPU
	EndGlobalSection
	GlobalSection(ProjectConfigurationPlatforms) = postSolution
		{3AC0D04B-B263-4399-B202-AE22A990218A}.Debug|Any CPU.ActiveCfg = Debug|Any CPU
		{3AC0D04B-B263-4399-B202-AE22A990218A}.Debug|Any CPU.Build.0 = Debug|Any CPU
		{3AC0D04B-B263-4399-B202-AE22A990218A}.Release|Any CPU.ActiveCfg = Release|Any CPU
		{3AC0D04B-B263-4399-B202-AE22A990218A}.Release|Any CPU.Build.0 = Release|Any CPU
		{B8E072C5-8A82-4345-8E03-5613E7ABCF92}.Debug|Any CPU.ActiveCfg = Debug|Any CPU
		{B8E072C5-8A82-4345-8E03-5613E7ABCF92}.Debug|Any CPU.Build.0 = Debug|Any CPU
		{B8E072C5-8A82-4345-8E03-5613E7ABCF92}.Release|Any CPU.ActiveCfg = Release|Any CPU
		{B8E072C5-8A82-4345-8E03-5613E7ABCF92}.Release|Any CPU.Build.0 = Release|Any CPU
		{9E284F36-E0E4-45D6-B9A2-3623112DB066}.Debug|Any CPU.ActiveCfg = Debug|Any CPU
		{9E284F36-E0E4-45D6-B9A2-3623112DB066}.Debug|Any CPU.Build.0 = Debug|Any CPU
		{9E284F36-E0E4-45D6-B9A2-3623112DB066}.Release|Any CPU.ActiveCfg = Release|Any CPU
		{9E284F36-E0E4-45D6-B9A2-3623112DB066}.Release|Any CPU.Build.0 = Release|Any CPU
	EndGlobalSection
	GlobalSection(SolutionProperties) = preSolution
		HideSolutionNode = FALSE
	EndGlobalSection
	GlobalSection(ExtensibilityGlobals) = postSolution
		SolutionGuid = {C4E18A56-535B-4327-BE6A-9B8853EB439D}
	EndGlobalSection
EndGlobal
